
Microsoft Visual Studio Solution File, Format Version 12.00
# Visual Studio Version 17
VisualStudioVersion = 17.11.35303.130
MinimumVisualStudioVersion = 10.0.40219.1
Project("{FAE04EC0-301F-11D3-BF4B-00C04F79EFBC}") = "Refactor", "Refactor\Refactor.csproj", "{BBA8F841-0A00-4A1C-803D-49897098DB4B}"
EndProject
Global
	GlobalSection(SolutionConfigurationPlatforms) = preSolution
		Debug|Any CPU = Debug|Any CPU
		Release|Any CPU = Release|Any CPU
	EndGlobalSection
	GlobalSection(ProjectConfigurationPlatforms) = postSolution
		{BBA8F841-0A00-4A1C-803D-49897098DB4B}.Debug|Any CPU.ActiveCfg = Debug|Any CPU
		{BBA8F841-0A00-4A1C-803D-49897098DB4B}.Debug|Any CPU.Build.0 = Debug|Any CPU
		{BBA8F841-0A00-4A1C-803D-49897098DB4B}.Release|Any CPU.ActiveCfg = Release|Any CPU
		{BBA8F841-0A00-4A1C-803D-49897098DB4B}.Release|Any CPU.Build.0 = Release|Any CPU
	EndGlobalSection
	GlobalSection(SolutionProperties) = preSolution
		HideSolutionNode = FALSE
	EndGlobalSection
	GlobalSection(ExtensibilityGlobals) = postSolution
		SolutionGuid = {3535828A-415A-4B0F-B617-3529CC460CD6}
	EndGlobalSection
EndGlobal
